
Microsoft Visual Studio Solution File, Format Version 12.00
# Visual Studio Version 16
VisualStudioVersion = 16.0.29424.173
MinimumVisualStudioVersion = 10.0.40219.1
Project("{FAE04EC0-301F-11D3-BF4B-00C04F79EFBC}") = "RaytracingLab", "RaytracingLab\RaytracingLab.csproj", "{D8B26F87-8554-4B5D-8D0B-8FAD9D4A3E70}"
EndProject
Global
	GlobalSection(SolutionConfigurationPlatforms) = preSolution
		Debug|Any CPU = Debug|Any CPU
		Release|Any CPU = Release|Any CPU
	EndGlobalSection
	GlobalSection(ProjectConfigurationPlatforms) = postSolution
		{D8B26F87-8554-4B5D-8D0B-8FAD9D4A3E70}.Debug|Any CPU.ActiveCfg = Debug|Any CPU
		{D8B26F87-8554-4B5D-8D0B-8FAD9D4A3E70}.Debug|Any CPU.Build.0 = Debug|Any CPU
		{D8B26F87-8554-4B5D-8D0B-8FAD9D4A3E70}.Release|Any CPU.ActiveCfg = Release|Any CPU
		{D8B26F87-8554-4B5D-8D0B-8FAD9D4A3E70}.Release|Any CPU.Build.0 = Release|Any CPU
	EndGlobalSection
	GlobalSection(SolutionProperties) = preSolution
		HideSolutionNode = FALSE
	EndGlobalSection
	GlobalSection(ExtensibilityGlobals) = postSolution
		SolutionGuid = {171D9658-D237-42EB-9DAD-96F4C1B50FC9}
	EndGlobalSection
EndGlobal
